
Microsoft Visual Studio Solution File, Format Version 12.00
# Visual Studio Version 16
VisualStudioVersion = 16.0.33214.272
MinimumVisualStudioVersion = 10.0.40219.1
Project("{FAE04EC0-301F-11D3-BF4B-00C04F79EFBC}") = "mission09_sr482", "mission09_sr482\mission09_sr482.csproj", "{642FC353-C435-4DC4-A19D-BB8B09634FCD}"
EndProject
Global
	GlobalSection(SolutionConfigurationPlatforms) = preSolution
		Debug|Any CPU = Debug|Any CPU
		Release|Any CPU = Release|Any CPU
	EndGlobalSection
	GlobalSection(ProjectConfigurationPlatforms) = postSolution
		{642FC353-C435-4DC4-A19D-BB8B09634FCD}.Debug|Any CPU.ActiveCfg = Debug|Any CPU
		{642FC353-C435-4DC4-A19D-BB8B09634FCD}.Debug|Any CPU.Build.0 = Debug|Any CPU
		{642FC353-C435-4DC4-A19D-BB8B09634FCD}.Release|Any CPU.ActiveCfg = Release|Any CPU
		{642FC353-C435-4DC4-A19D-BB8B09634FCD}.Release|Any CPU.Build.0 = Release|Any CPU
	EndGlobalSection
	GlobalSection(SolutionProperties) = preSolution
		HideSolutionNode = FALSE
	EndGlobalSection
	GlobalSection(ExtensibilityGlobals) = postSolution
		SolutionGuid = {FB5B65F4-D782-42BE-A9B5-E5963A035FC3}
	EndGlobalSection
EndGlobal
